
Microsoft Visual Studio Solution File, Format Version 12.00
# Visual Studio Version 16
VisualStudioVersion = 16.0.29806.167
MinimumVisualStudioVersion = 10.0.40219.1
Project("{FAE04EC0-301F-11D3-BF4B-00C04F79EFBC}") = "SweetDreams.Web", "SweetDreams.Web\SweetDreams.Web.csproj", "{69E14FCA-639C-4EBB-9B08-AB74449F16F0}"
EndProject
Project("{FAE04EC0-301F-11D3-BF4B-00C04F79EFBC}") = "SweetDreams.BusinessLogic", "SweetDreams.BusinessLogic\SweetDreams.BusinessLogic.csproj", "{A2B6A292-21B0-4F59-960F-7A17361897F0}"
EndProject
Project("{FAE04EC0-301F-11D3-BF4B-00C04F79EFBC}") = "SweetDreams.Helper", "SweetDreams.Helper\SweetDreams.Helper.csproj", "{208BFB5A-3830-4A49-B4D5-C792D9AACBE1}"
EndProject
Project("{FAE04EC0-301F-11D3-BF4B-00C04F79EFBC}") = "SweetDreams.Models", "SweetDreams.Models\SweetDreams.Models.csproj", "{E281C6E1-EBEB-4435-972A-7F17E85D550E}"
EndProject
Global
	GlobalSection(SolutionConfigurationPlatforms) = preSolution
		Debug|Any CPU = Debug|Any CPU
		Release|Any CPU = Release|Any CPU
	EndGlobalSection
	GlobalSection(ProjectConfigurationPlatforms) = postSolution
		{69E14FCA-639C-4EBB-9B08-AB74449F16F0}.Debug|Any CPU.ActiveCfg = Debug|Any CPU
		{69E14FCA-639C-4EBB-9B08-AB74449F16F0}.Debug|Any CPU.Build.0 = Debug|Any CPU
		{69E14FCA-639C-4EBB-9B08-AB74449F16F0}.Release|Any CPU.ActiveCfg = Release|Any CPU
		{69E14FCA-639C-4EBB-9B08-AB74449F16F0}.Release|Any CPU.Build.0 = Release|Any CPU
		{A2B6A292-21B0-4F59-960F-7A17361897F0}.Debug|Any CPU.ActiveCfg = Debug|Any CPU
		{A2B6A292-21B0-4F59-960F-7A17361897F0}.Debug|Any CPU.Build.0 = Debug|Any CPU
		{A2B6A292-21B0-4F59-960F-7A17361897F0}.Release|Any CPU.ActiveCfg = Release|Any CPU
		{A2B6A292-21B0-4F59-960F-7A17361897F0}.Release|Any CPU.Build.0 = Release|Any CPU
		{208BFB5A-3830-4A49-B4D5-C792D9AACBE1}.Debug|Any CPU.ActiveCfg = Debug|Any CPU
		{208BFB5A-3830-4A49-B4D5-C792D9AACBE1}.Debug|Any CPU.Build.0 = Debug|Any CPU
		{208BFB5A-3830-4A49-B4D5-C792D9AACBE1}.Release|Any CPU.ActiveCfg = Release|Any CPU
		{208BFB5A-3830-4A49-B4D5-C792D9AACBE1}.Release|Any CPU.Build.0 = Release|Any CPU
		{E281C6E1-EBEB-4435-972A-7F17E85D550E}.Debug|Any CPU.ActiveCfg = Debug|Any CPU
		{E281C6E1-EBEB-4435-972A-7F17E85D550E}.Debug|Any CPU.Build.0 = Debug|Any CPU
		{E281C6E1-EBEB-4435-972A-7F17E85D550E}.Release|Any CPU.ActiveCfg = Release|Any CPU
		{E281C6E1-EBEB-4435-972A-7F17E85D550E}.Release|Any CPU.Build.0 = Release|Any CPU
	EndGlobalSection
	GlobalSection(SolutionProperties) = preSolution
		HideSolutionNode = FALSE
	EndGlobalSection
	GlobalSection(ExtensibilityGlobals) = postSolution
		SolutionGuid = {5048F32C-6A57-4891-B9C4-C249D45EF3AD}
	EndGlobalSection
EndGlobal
